# THIS IS AN AUTOGENERATED FILE. DO NOT EDIT THIS FILE DIRECTLY.
# yarn lockfile v1


"@ethersproject/abi@5.8.0", "@ethersproject/abi@^5.8.0":
  version "5.8.0"
  resolved "https://registry.yarnpkg.com/@ethersproject/abi/-/abi-5.8.0.tgz#e79bb51940ac35fe6f3262d7fe2cdb25ad5f07d9"
  integrity sha512-b9YS/43ObplgyV6SlyQsG53/vkSal0MNA1fskSC4mbnCMi8R+NkcH8K9FPYNESf6jUefBUniE4SOKms0E/KK1Q==
  dependencies:
    "@ethersproject/address" "^5.8.0"
    "@ethersproject/bignumber" "^5.8.0"
    "@ethersproject/bytes" "^5.8.0"
    "@ethersproject/constants" "^5.8.0"
    "@ethersproject/hash" "^5.8.0"
    "@ethersproject/keccak256" "^5.8.0"
    "@ethersproject/logger" "^5.8.0"
    "@ethersproject/properties" "^5.8.0"
    "@ethersproject/strings" "^5.8.0"

"@ethersproject/abstract-provider@5.8.0", "@ethersproject/abstract-provider@^5.8.0":
  version "5.8.0"
  resolved "https://registry.yarnpkg.com/@ethersproject/abstract-provider/-/abstract-provider-5.8.0.tgz#7581f9be601afa1d02b95d26b9d9840926a35b0c"
  integrity sha512-wC9SFcmh4UK0oKuLJQItoQdzS/qZ51EJegK6EmAWlh+OptpQ/npECOR3QqECd8iGHC0RJb4WKbVdSfif4ammrg==
  dependencies:
    "@ethersproject/bignumber" "^5.8.0"
    "@ethersproject/bytes" "^5.8.0"
    "@ethersproject/logger" "^5.8.0"
    "@ethersproject/networks" "^5.8.0"
    "@ethersproject/properties" "^5.8.0"
    "@ethersproject/transactions" "^5.8.0"
    "@ethersproject/web" "^5.8.0"

"@ethersproject/abstract-signer@5.8.0", "@ethersproject/abstract-signer@^5.8.0":
  version "5.8.0"
  resolved "https://registry.yarnpkg.com/@ethersproject/abstract-signer/-/abstract-signer-5.8.0.tgz#8d7417e95e4094c1797a9762e6789c7356db0754"
  integrity sha512-N0XhZTswXcmIZQdYtUnd79VJzvEwXQw6PK0dTl9VoYrEBxxCPXqS0Eod7q5TNKRxe1/5WUMuR0u0nqTF/avdCA==
  dependencies:
    "@ethersproject/abstract-provider" "^5.8.0"
    "@ethersproject/bignumber" "^5.8.0"
    "@ethersproject/bytes" "^5.8.0"
    "@ethersproject/logger" "^5.8.0"
    "@ethersproject/properties" "^5.8.0"

"@ethersproject/address@5.8.0", "@ethersproject/address@^5.8.0":
  version "5.8.0"
  resolved "https://registry.yarnpkg.com/@ethersproject/address/-/address-5.8.0.tgz#3007a2c352eee566ad745dca1dbbebdb50a6a983"
  integrity sha512-GhH/abcC46LJwshoN+uBNoKVFPxUuZm6dA257z0vZkKmU1+t8xTn8oK7B9qrj8W2rFRMch4gbJl6PmVxjxBEBA==
  dependencies:
    "@ethersproject/bignumber" "^5.8.0"
    "@ethersproject/bytes" "^5.8.0"
    "@ethersproject/keccak256" "^5.8.0"
    "@ethersproject/logger" "^5.8.0"
    "@ethersproject/rlp" "^5.8.0"

"@ethersproject/base64@5.8.0", "@ethersproject/base64@^5.8.0":
  version "5.8.0"
  resolved "https://registry.yarnpkg.com/@ethersproject/base64/-/base64-5.8.0.tgz#61c669c648f6e6aad002c228465d52ac93ee83eb"
  integrity sha512-lN0oIwfkYj9LbPx4xEkie6rAMJtySbpOAFXSDVQaBnAzYfB4X2Qr+FXJGxMoc3Bxp2Sm8OwvzMrywxyw0gLjIQ==
  dependencies:
    "@ethersproject/bytes" "^5.8.0"

"@ethersproject/basex@5.8.0", "@ethersproject/basex@^5.8.0":
  version "5.8.0"
  resolved "https://registry.yarnpkg.com/@ethersproject/basex/-/basex-5.8.0.tgz#1d279a90c4be84d1c1139114a1f844869e57d03a"
  integrity sha512-PIgTszMlDRmNwW9nhS6iqtVfdTAKosA7llYXNmGPw4YAI1PUyMv28988wAb41/gHF/WqGdoLv0erHaRcHRKW2Q==
  dependencies:
    "@ethersproject/bytes" "^5.8.0"
    "@ethersproject/properties" "^5.8.0"

"@ethersproject/bignumber@5.8.0", "@ethersproject/bignumber@^5.8.0":
  version "5.8.0"
  resolved "https://registry.yarnpkg.com/@ethersproject/bignumber/-/bignumber-5.8.0.tgz#c381d178f9eeb370923d389284efa19f69efa5d7"
  integrity sha512-ZyaT24bHaSeJon2tGPKIiHszWjD/54Sz8t57Toch475lCLljC6MgPmxk7Gtzz+ddNN5LuHea9qhAe0x3D+uYPA==
  dependencies:
    "@ethersproject/bytes" "^5.8.0"
    "@ethersproject/logger" "^5.8.0"
    bn.js "^5.2.1"

"@ethersproject/bytes@5.8.0", "@ethersproject/bytes@^5.8.0":
  version "5.8.0"
  resolved "https://registry.yarnpkg.com/@ethersproject/bytes/-/bytes-5.8.0.tgz#9074820e1cac7507a34372cadeb035461463be34"
  integrity sha512-vTkeohgJVCPVHu5c25XWaWQOZ4v+DkGoC42/TS2ond+PARCxTJvgTFUNDZovyQ/uAQ4EcpqqowKydcdmRKjg7A==
  dependencies:
    "@ethersproject/logger" "^5.8.0"

"@ethersproject/constants@5.8.0", "@ethersproject/constants@^5.8.0":
  version "5.8.0"
  resolved "https://registry.yarnpkg.com/@ethersproject/constants/-/constants-5.8.0.tgz#12f31c2f4317b113a4c19de94e50933648c90704"
  integrity sha512-wigX4lrf5Vu+axVTIvNsuL6YrV4O5AXl5ubcURKMEME5TnWBouUh0CDTWxZ2GpnRn1kcCgE7l8O5+VbV9QTTcg==
  dependencies:
    "@ethersproject/bignumber" "^5.8.0"

"@ethersproject/contracts@5.8.0":
  version "5.8.0"
  resolved "https://registry.yarnpkg.com/@ethersproject/contracts/-/contracts-5.8.0.tgz#243a38a2e4aa3e757215ea64e276f8a8c9d8ed73"
  integrity sha512-0eFjGz9GtuAi6MZwhb4uvUM216F38xiuR0yYCjKJpNfSEy4HUM8hvqqBj9Jmm0IUz8l0xKEhWwLIhPgxNY0yvQ==
  dependencies:
    "@ethersproject/abi" "^5.8.0"
    "@ethersproject/abstract-provider" "^5.8.0"
    "@ethersproject/abstract-signer" "^5.8.0"
    "@ethersproject/address" "^5.8.0"
    "@ethersproject/bignumber" "^5.8.0"
    "@ethersproject/bytes" "^5.8.0"
    "@ethersproject/constants" "^5.8.0"
    "@ethersproject/logger" "^5.8.0"
    "@ethersproject/properties" "^5.8.0"
    "@ethersproject/transactions" "^5.8.0"

"@ethersproject/hash@5.8.0", "@ethersproject/hash@^5.8.0":
  version "5.8.0"
  resolved "https://registry.yarnpkg.com/@ethersproject/hash/-/hash-5.8.0.tgz#b8893d4629b7f8462a90102572f8cd65a0192b4c"
  integrity sha512-ac/lBcTbEWW/VGJij0CNSw/wPcw9bSRgCB0AIBz8CvED/jfvDoV9hsIIiWfvWmFEi8RcXtlNwp2jv6ozWOsooA==
  dependencies:
    "@ethersproject/abstract-signer" "^5.8.0"
    "@ethersproject/address" "^5.8.0"
    "@ethersproject/base64" "^5.8.0"
    "@ethersproject/bignumber" "^5.8.0"
    "@ethersproject/bytes" "^5.8.0"
    "@ethersproject/keccak256" "^5.8.0"
    "@ethersproject/logger" "^5.8.0"
    "@ethersproject/properties" "^5.8.0"
    "@ethersproject/strings" "^5.8.0"

"@ethersproject/hdnode@5.8.0", "@ethersproject/hdnode@^5.8.0":
  version "5.8.0"
  resolved "https://registry.yarnpkg.com/@ethersproject/hdnode/-/hdnode-5.8.0.tgz#a51ae2a50bcd48ef6fd108c64cbae5e6ff34a761"
  integrity sha512-4bK1VF6E83/3/Im0ERnnUeWOY3P1BZml4ZD3wcH8Ys0/d1h1xaFt6Zc+Dh9zXf9TapGro0T4wvO71UTCp3/uoA==
  dependencies:
    "@ethersproject/abstract-signer" "^5.8.0"
    "@ethersproject/basex" "^5.8.0"
    "@ethersproject/bignumber" "^5.8.0"
    "@ethersproject/bytes" "^5.8.0"
    "@ethersproject/logger" "^5.8.0"
    "@ethersproject/pbkdf2" "^5.8.0"
    "@ethersproject/properties" "^5.8.0"
    "@ethersproject/sha2" "^5.8.0"
    "@ethersproject/signing-key" "^5.8.0"
    "@ethersproject/strings" "^5.8.0"
    "@ethersproject/transactions" "^5.8.0"
    "@ethersproject/wordlists" "^5.8.0"

"@ethersproject/json-wallets@5.8.0", "@ethersproject/json-wallets@^5.8.0":
  version "5.8.0"
  resolved "https://registry.yarnpkg.com/@ethersproject/json-wallets/-/json-wallets-5.8.0.tgz#d18de0a4cf0f185f232eb3c17d5e0744d97eb8c9"
  integrity sha512-HxblNck8FVUtNxS3VTEYJAcwiKYsBIF77W15HufqlBF9gGfhmYOJtYZp8fSDZtn9y5EaXTE87zDwzxRoTFk11w==
  dependencies:
    "@ethersproject/abstract-signer" "^5.8.0"
    "@ethersproject/address" "^5.8.0"
    "@ethersproject/bytes" "^5.8.0"
    "@ethersproject/hdnode" "^5.8.0"
    "@ethersproject/keccak256" "^5.8.0"
    "@ethersproject/logger" "^5.8.0"
    "@ethersproject/pbkdf2" "^5.8.0"
    "@ethersproject/properties" "^5.8.0"
    "@ethersproject/random" "^5.8.0"
    "@ethersproject/strings" "^5.8.0"
    "@ethersproject/transactions" "^5.8.0"
    aes-js "3.0.0"
    scrypt-js "3.0.1"

"@ethersproject/keccak256@5.8.0", "@ethersproject/keccak256@^5.8.0":
  version "5.8.0"
  resolved "https://registry.yarnpkg.com/@ethersproject/keccak256/-/keccak256-5.8.0.tgz#d2123a379567faf2d75d2aaea074ffd4df349e6a"
  integrity sha512-A1pkKLZSz8pDaQ1ftutZoaN46I6+jvuqugx5KYNeQOPqq+JZ0Txm7dlWesCHB5cndJSu5vP2VKptKf7cksERng==
  dependencies:
    "@ethersproject/bytes" "^5.8.0"
    js-sha3 "0.8.0"

"@ethersproject/logger@5.8.0", "@ethersproject/logger@^5.8.0":
  version "5.8.0"
  resolved "https://registry.yarnpkg.com/@ethersproject/logger/-/logger-5.8.0.tgz#f0232968a4f87d29623a0481690a2732662713d6"
  integrity sha512-Qe6knGmY+zPPWTC+wQrpitodgBfH7XoceCGL5bJVejmH+yCS3R8jJm8iiWuvWbG76RUmyEG53oqv6GMVWqunjA==

"@ethersproject/networks@5.8.0", "@ethersproject/networks@^5.8.0":
  version "5.8.0"
  resolved "https://registry.yarnpkg.com/@ethersproject/networks/-/networks-5.8.0.tgz#8b4517a3139380cba9fb00b63ffad0a979671fde"
  integrity sha512-egPJh3aPVAzbHwq8DD7Po53J4OUSsA1MjQp8Vf/OZPav5rlmWUaFLiq8cvQiGK0Z5K6LYzm29+VA/p4RL1FzNg==
  dependencies:
    "@ethersproject/logger" "^5.8.0"

"@ethersproject/pbkdf2@5.8.0", "@ethersproject/pbkdf2@^5.8.0":
  version "5.8.0"
  resolved "https://registry.yarnpkg.com/@ethersproject/pbkdf2/-/pbkdf2-5.8.0.tgz#cd2621130e5dd51f6a0172e63a6e4a0c0a0ec37e"
  integrity sha512-wuHiv97BrzCmfEaPbUFpMjlVg/IDkZThp9Ri88BpjRleg4iePJaj2SW8AIyE8cXn5V1tuAaMj6lzvsGJkGWskg==
  dependencies:
    "@ethersproject/bytes" "^5.8.0"
    "@ethersproject/sha2" "^5.8.0"

"@ethersproject/properties@5.8.0", "@ethersproject/properties@^5.8.0":
  version "5.8.0"
  resolved "https://registry.yarnpkg.com/@ethersproject/properties/-/properties-5.8.0.tgz#405a8affb6311a49a91dabd96aeeae24f477020e"
  integrity sha512-PYuiEoQ+FMaZZNGrStmN7+lWjlsoufGIHdww7454FIaGdbe/p5rnaCXTr5MtBYl3NkeoVhHZuyzChPeGeKIpQw==
  dependencies:
    "@ethersproject/logger" "^5.8.0"

"@ethersproject/providers@5.8.0":
  version "5.8.0"
  resolved "https://registry.yarnpkg.com/@ethersproject/providers/-/providers-5.8.0.tgz#6c2ae354f7f96ee150439f7de06236928bc04cb4"
  integrity sha512-3Il3oTzEx3o6kzcg9ZzbE+oCZYyY+3Zh83sKkn4s1DZfTUjIegHnN2Cm0kbn9YFy45FDVcuCLLONhU7ny0SsCw==
  dependencies:
    "@ethersproject/abstract-provider" "^5.8.0"
    "@ethersproject/abstract-signer" "^5.8.0"
    "@ethersproject/address" "^5.8.0"
    "@ethersproject/base64" "^5.8.0"
    "@ethersproject/basex" "^5.8.0"
    "@ethersproject/bignumber" "^5.8.0"
    "@ethersproject/bytes" "^5.8.0"
    "@ethersproject/constants" "^5.8.0"
    "@ethersproject/hash" "^5.8.0"
    "@ethersproject/logger" "^5.8.0"
    "@ethersproject/networks" "^5.8.0"
    "@ethersproject/properties" "^5.8.0"
    "@ethersproject/random" "^5.8.0"
    "@ethersproject/rlp" "^5.8.0"
    "@ethersproject/sha2" "^5.8.0"
    "@ethersproject/strings" "^5.8.0"
    "@ethersproject/transactions" "^5.8.0"
    "@ethersproject/web" "^5.8.0"
    bech32 "1.1.4"
    ws "8.18.0"

"@ethersproject/random@5.8.0", "@ethersproject/random@^5.8.0":
  version "5.8.0"
  resolved "https://registry.yarnpkg.com/@ethersproject/random/-/random-5.8.0.tgz#1bced04d49449f37c6437c701735a1a022f0057a"
  integrity sha512-E4I5TDl7SVqyg4/kkA/qTfuLWAQGXmSOgYyO01So8hLfwgKvYK5snIlzxJMk72IFdG/7oh8yuSqY2KX7MMwg+A==
  dependencies:
    "@ethersproject/bytes" "^5.8.0"
    "@ethersproject/logger" "^5.8.0"

"@ethersproject/rlp@5.8.0", "@ethersproject/rlp@^5.8.0":
  version "5.8.0"
  resolved "https://registry.yarnpkg.com/@ethersproject/rlp/-/rlp-5.8.0.tgz#5a0d49f61bc53e051532a5179472779141451de5"
  integrity sha512-LqZgAznqDbiEunaUvykH2JAoXTT9NV0Atqk8rQN9nx9SEgThA/WMx5DnW8a9FOufo//6FZOCHZ+XiClzgbqV9Q==
  dependencies:
    "@ethersproject/bytes" "^5.8.0"
    "@ethersproject/logger" "^5.8.0"

"@ethersproject/sha2@5.8.0", "@ethersproject/sha2@^5.8.0":
  version "5.8.0"
  resolved "https://registry.yarnpkg.com/@ethersproject/sha2/-/sha2-5.8.0.tgz#8954a613bb78dac9b46829c0a95de561ef74e5e1"
  integrity sha512-dDOUrXr9wF/YFltgTBYS0tKslPEKr6AekjqDW2dbn1L1xmjGR+9GiKu4ajxovnrDbwxAKdHjW8jNcwfz8PAz4A==
  dependencies:
    "@ethersproject/bytes" "^5.8.0"
    "@ethersproject/logger" "^5.8.0"
    hash.js "1.1.7"

"@ethersproject/signing-key@5.8.0", "@ethersproject/signing-key@^5.8.0":
  version "5.8.0"
  resolved "https://registry.yarnpkg.com/@ethersproject/signing-key/-/signing-key-5.8.0.tgz#9797e02c717b68239c6349394ea85febf8893119"
  integrity sha512-LrPW2ZxoigFi6U6aVkFN/fa9Yx/+4AtIUe4/HACTvKJdhm0eeb107EVCIQcrLZkxaSIgc/eCrX8Q1GtbH+9n3w==
  dependencies:
    "@ethersproject/bytes" "^5.8.0"
    "@ethersproject/logger" "^5.8.0"
    "@ethersproject/properties" "^5.8.0"
    bn.js "^5.2.1"
    elliptic "6.6.1"
    hash.js "1.1.7"

"@ethersproject/solidity@5.8.0":
  version "5.8.0"
  resolved "https://registry.yarnpkg.com/@ethersproject/solidity/-/solidity-5.8.0.tgz#429bb9fcf5521307a9448d7358c26b93695379b9"
  integrity sha512-4CxFeCgmIWamOHwYN9d+QWGxye9qQLilpgTU0XhYs1OahkclF+ewO+3V1U0mvpiuQxm5EHHmv8f7ClVII8EHsA==
  dependencies:
    "@ethersproject/bignumber" "^5.8.0"
    "@ethersproject/bytes" "^5.8.0"
    "@ethersproject/keccak256" "^5.8.0"
    "@ethersproject/logger" "^5.8.0"
    "@ethersproject/sha2" "^5.8.0"
    "@ethersproject/strings" "^5.8.0"

"@ethersproject/strings@5.8.0", "@ethersproject/strings@^5.8.0":
  version "5.8.0"
  resolved "https://registry.yarnpkg.com/@ethersproject/strings/-/strings-5.8.0.tgz#ad79fafbf0bd272d9765603215ac74fd7953908f"
  integrity sha512-qWEAk0MAvl0LszjdfnZ2uC8xbR2wdv4cDabyHiBh3Cldq/T8dPH3V4BbBsAYJUeonwD+8afVXld274Ls+Y1xXg==
  dependencies:
    "@ethersproject/bytes" "^5.8.0"
    "@ethersproject/constants" "^5.8.0"
    "@ethersproject/logger" "^5.8.0"

"@ethersproject/transactions@5.8.0", "@ethersproject/transactions@^5.8.0":
  version "5.8.0"
  resolved "https://registry.yarnpkg.com/@ethersproject/transactions/-/transactions-5.8.0.tgz#1e518822403abc99def5a043d1c6f6fe0007e46b"
  integrity sha512-UglxSDjByHG0TuU17bDfCemZ3AnKO2vYrL5/2n2oXvKzvb7Cz+W9gOWXKARjp2URVwcWlQlPOEQyAviKwT4AHg==
  dependencies:
    "@ethersproject/address" "^5.8.0"
    "@ethersproject/bignumber" "^5.8.0"
    "@ethersproject/bytes" "^5.8.0"
    "@ethersproject/constants" "^5.8.0"
    "@ethersproject/keccak256" "^5.8.0"
    "@ethersproject/logger" "^5.8.0"
    "@ethersproject/properties" "^5.8.0"
    "@ethersproject/rlp" "^5.8.0"
    "@ethersproject/signing-key" "^5.8.0"

"@ethersproject/units@5.8.0":
  version "5.8.0"
  resolved "https://registry.yarnpkg.com/@ethersproject/units/-/units-5.8.0.tgz#c12f34ba7c3a2de0e9fa0ed0ee32f3e46c5c2c6a"
  integrity sha512-lxq0CAnc5kMGIiWW4Mr041VT8IhNM+Pn5T3haO74XZWFulk7wH1Gv64HqE96hT4a7iiNMdOCFEBgaxWuk8ETKQ==
  dependencies:
    "@ethersproject/bignumber" "^5.8.0"
    "@ethersproject/constants" "^5.8.0"
    "@ethersproject/logger" "^5.8.0"

"@ethersproject/wallet@5.8.0":
  version "5.8.0"
  resolved "https://registry.yarnpkg.com/@ethersproject/wallet/-/wallet-5.8.0.tgz#49c300d10872e6986d953e8310dc33d440da8127"
  integrity sha512-G+jnzmgg6UxurVKRKvw27h0kvG75YKXZKdlLYmAHeF32TGUzHkOFd7Zn6QHOTYRFWnfjtSSFjBowKo7vfrXzPA==
  dependencies:
    "@ethersproject/abstract-provider" "^5.8.0"
    "@ethersproject/abstract-signer" "^5.8.0"
    "@ethersproject/address" "^5.8.0"
    "@ethersproject/bignumber" "^5.8.0"
    "@ethersproject/bytes" "^5.8.0"
    "@ethersproject/hash" "^5.8.0"
    "@ethersproject/hdnode" "^5.8.0"
    "@ethersproject/json-wallets" "^5.8.0"
    "@ethersproject/keccak256" "^5.8.0"
    "@ethersproject/logger" "^5.8.0"
    "@ethersproject/properties" "^5.8.0"
    "@ethersproject/random" "^5.8.0"
    "@ethersproject/signing-key" "^5.8.0"
    "@ethersproject/transactions" "^5.8.0"
    "@ethersproject/wordlists" "^5.8.0"

"@ethersproject/web@5.8.0", "@ethersproject/web@^5.8.0":
  version "5.8.0"
  resolved "https://registry.yarnpkg.com/@ethersproject/web/-/web-5.8.0.tgz#3e54badc0013b7a801463a7008a87988efce8a37"
  integrity sha512-j7+Ksi/9KfGviws6Qtf9Q7KCqRhpwrYKQPs+JBA/rKVFF/yaWLHJEH3zfVP2plVu+eys0d2DlFmhoQJayFewcw==
  dependencies:
    "@ethersproject/base64" "^5.8.0"
    "@ethersproject/bytes" "^5.8.0"
    "@ethersproject/logger" "^5.8.0"
    "@ethersproject/properties" "^5.8.0"
    "@ethersproject/strings" "^5.8.0"

"@ethersproject/wordlists@5.8.0", "@ethersproject/wordlists@^5.8.0":
  version "5.8.0"
  resolved "https://registry.yarnpkg.com/@ethersproject/wordlists/-/wordlists-5.8.0.tgz#7a5654ee8d1bb1f4dbe43f91d217356d650ad821"
  integrity sha512-2df9bbXicZws2Sb5S6ET493uJ0Z84Fjr3pC4tu/qlnZERibZCeUVuqdtt+7Tv9xxhUxHoIekIA7avrKUWHrezg==
  dependencies:
    "@ethersproject/bytes" "^5.8.0"
    "@ethersproject/hash" "^5.8.0"
    "@ethersproject/logger" "^5.8.0"
    "@ethersproject/properties" "^5.8.0"
    "@ethersproject/strings" "^5.8.0"

"@inquirer/checkbox@^4.1.3":
  version "4.1.3"
  resolved "https://registry.yarnpkg.com/@inquirer/checkbox/-/checkbox-4.1.3.tgz#b177fb62670c6d1608035e63db80597234fe4130"
  integrity sha512-KU1MGwf24iABJjGESxhyj+/rlQYSRoCfcuHDEHXfZ1DENmbuSRfyrUb+LLjHoee5TNOFKwaFxDXc5/zRwJUPMQ==
  dependencies:
    "@inquirer/core" "^10.1.8"
    "@inquirer/figures" "^1.0.11"
    "@inquirer/type" "^3.0.5"
    ansi-escapes "^4.3.2"
    yoctocolors-cjs "^2.1.2"

"@inquirer/confirm@^5.1.7":
  version "5.1.7"
  resolved "https://registry.yarnpkg.com/@inquirer/confirm/-/confirm-5.1.7.tgz#61f970e255b660edf2a0c901c599d7f9d25a58df"
  integrity sha512-Xrfbrw9eSiHb+GsesO8TQIeHSMTP0xyvTCeeYevgZ4sKW+iz9w/47bgfG9b0niQm+xaLY2EWPBINUPldLwvYiw==
  dependencies:
    "@inquirer/core" "^10.1.8"
    "@inquirer/type" "^3.0.5"

"@inquirer/core@^10.1.8":
  version "10.1.8"
  resolved "https://registry.yarnpkg.com/@inquirer/core/-/core-10.1.8.tgz#b2e79ac39a1bec2f803d9c20a1d304759f835f51"
  integrity sha512-HpAqR8y715zPpM9e/9Q+N88bnGwqqL8ePgZ0SMv/s3673JLMv3bIkoivGmjPqXlEgisUksSXibweQccUwEx4qQ==
  dependencies:
    "@inquirer/figures" "^1.0.11"
    "@inquirer/type" "^3.0.5"
    ansi-escapes "^4.3.2"
    cli-width "^4.1.0"
    mute-stream "^2.0.0"
    signal-exit "^4.1.0"
    wrap-ansi "^6.2.0"
    yoctocolors-cjs "^2.1.2"

"@inquirer/editor@^4.2.8":
  version "4.2.8"
  resolved "https://registry.yarnpkg.com/@inquirer/editor/-/editor-4.2.8.tgz#f8b5536b248c84aed198e8044084c4aed6995ceb"
  integrity sha512-UkGKbMFlQw5k4ZLjDwEi5z8NIVlP/3DAlLHta0o0pSsdpPThNmPtUL8mvGCHUaQtR+QrxR9yRYNWgKMsHkfIUA==
  dependencies:
    "@inquirer/core" "^10.1.8"
    "@inquirer/type" "^3.0.5"
    external-editor "^3.1.0"

"@inquirer/expand@^4.0.10":
  version "4.0.10"
  resolved "https://registry.yarnpkg.com/@inquirer/expand/-/expand-4.0.10.tgz#6300a02ecb1ae15142453c6f386cf892789ff07a"
  integrity sha512-leyBouGJ77ggv51Jb/OJmLGGnU2HYc13MZ2iiPNLwe2VgFgZPVqsrRWSa1RAHKyazjOyvSNKLD1B2K7A/iWi1g==
  dependencies:
    "@inquirer/core" "^10.1.8"
    "@inquirer/type" "^3.0.5"
    yoctocolors-cjs "^2.1.2"

"@inquirer/figures@^1.0.11":
  version "1.0.11"
  resolved "https://registry.yarnpkg.com/@inquirer/figures/-/figures-1.0.11.tgz#4744e6db95288fea1dead779554859710a959a21"
  integrity sha512-eOg92lvrn/aRUqbxRyvpEWnrvRuTYRifixHkYVpJiygTgVSBIHDqLh0SrMQXkafvULg3ck11V7xvR+zcgvpHFw==

"@inquirer/input@^4.1.7":
  version "4.1.7"
  resolved "https://registry.yarnpkg.com/@inquirer/input/-/input-4.1.7.tgz#d9e725c00afe24503137714c78d7a7e0f16d67ad"
  integrity sha512-rCQAipJNA14UTH84df/z4jDJ9LZ54H6zzuCAi7WZ0qVqx3CSqLjfXAMd5cpISIxbiHVJCPRB81gZksq6CZsqDg==
  dependencies:
    "@inquirer/core" "^10.1.8"
    "@inquirer/type" "^3.0.5"

"@inquirer/number@^3.0.10":
  version "3.0.10"
  resolved "https://registry.yarnpkg.com/@inquirer/number/-/number-3.0.10.tgz#3ad1d2b69849521169af8b3efe838f97ba010350"
  integrity sha512-GLsdnxzNefjCJUmWyjaAuNklHgDpCTL4RMllAVhVvAzBwRW9g38eZ5tWgzo1lirtSDTpsh593hqXVhxvdrjfwA==
  dependencies:
    "@inquirer/core" "^10.1.8"
    "@inquirer/type" "^3.0.5"

"@inquirer/password@^4.0.10":
  version "4.0.10"
  resolved "https://registry.yarnpkg.com/@inquirer/password/-/password-4.0.10.tgz#6f981c4194366de94673a9dcdcf6068e35f47c35"
  integrity sha512-JC538ujqeYKkFqLoWZ0ILBteIUO2yajBMVEUZSxjl9x6fiEQtM+I5Rca7M2D8edMDbyHLnXifGH1hJZdh8V5rA==
  dependencies:
    "@inquirer/core" "^10.1.8"
    "@inquirer/type" "^3.0.5"
    ansi-escapes "^4.3.2"

"@inquirer/prompts@^7.3.3":
  version "7.3.3"
  resolved "https://registry.yarnpkg.com/@inquirer/prompts/-/prompts-7.3.3.tgz#788ac2301cebcb2a808949a3e1c78819a27ee1a1"
  integrity sha512-QS1AQgJ113iE/nmym03yKZKHvGjVWwkGZT3B1yKrrMG0bJKQg1jUkntFP8aPd2FUQzu/nga7QU2eDpzIP5it0Q==
  dependencies:
    "@inquirer/checkbox" "^4.1.3"
    "@inquirer/confirm" "^5.1.7"
    "@inquirer/editor" "^4.2.8"
    "@inquirer/expand" "^4.0.10"
    "@inquirer/input" "^4.1.7"
    "@inquirer/number" "^3.0.10"
    "@inquirer/password" "^4.0.10"
    "@inquirer/rawlist" "^4.0.10"
    "@inquirer/search" "^3.0.10"
    "@inquirer/select" "^4.0.10"

"@inquirer/rawlist@^4.0.10":
  version "4.0.10"
  resolved "https://registry.yarnpkg.com/@inquirer/rawlist/-/rawlist-4.0.10.tgz#358a9530ef8b4449a183c934a3660215855e5e87"
  integrity sha512-vOQbQkmhaCsF2bUmjoyRSZJBz77UnIF/F3ZS2LMgwbgyaG2WgwKHh0WKNj0APDB72WDbZijhW5nObQbk+TnbcA==
  dependencies:
    "@inquirer/core" "^10.1.8"
    "@inquirer/type" "^3.0.5"
    yoctocolors-cjs "^2.1.2"

"@inquirer/search@^3.0.10":
  version "3.0.10"
  resolved "https://registry.yarnpkg.com/@inquirer/search/-/search-3.0.10.tgz#5e33547f953d4b8b30dcdaa104878c45aa41d433"
  integrity sha512-EAVKAz6P1LajZOdoL+R+XC3HJYSU261fbJzO4fCkJJ7UPFcm+nP+gzC+DDZWsb2WK9PQvKsnaKiNKsY8B6dBWQ==
  dependencies:
    "@inquirer/core" "^10.1.8"
    "@inquirer/figures" "^1.0.11"
    "@inquirer/type" "^3.0.5"
    yoctocolors-cjs "^2.1.2"

"@inquirer/select@^4.0.10":
  version "4.0.10"
  resolved "https://registry.yarnpkg.com/@inquirer/select/-/select-4.0.10.tgz#f14b9c18804ae2aef80c00195fbe811b5fd85364"
  integrity sha512-Tg8S9nESnCfISu5tCZSuXpXq0wHuDVimj7xyHstABgR34zcJnLdq/VbjB2mdZvNAMAehYBnNzSjxB06UE8LLAA==
  dependencies:
    "@inquirer/core" "^10.1.8"
    "@inquirer/figures" "^1.0.11"
    "@inquirer/type" "^3.0.5"
    ansi-escapes "^4.3.2"
    yoctocolors-cjs "^2.1.2"

"@inquirer/type@^3.0.5":
  version "3.0.5"
  resolved "https://registry.yarnpkg.com/@inquirer/type/-/type-3.0.5.tgz#fe00207e57d5f040e5b18e809c8e7abc3a2ade3a"
  integrity sha512-ZJpeIYYueOz/i/ONzrfof8g89kNdO2hjGuvULROo3O8rlB2CRtSseE5KeirnyE4t/thAn/EwvS/vuQeJCn+NZg==

aes-js@3.0.0:
  version "3.0.0"
  resolved "https://registry.yarnpkg.com/aes-js/-/aes-js-3.0.0.tgz#e21df10ad6c2053295bcbb8dab40b09dbea87e4d"
  integrity sha512-H7wUZRn8WpTq9jocdxQ2c8x2sKo9ZVmzfRE13GiNJXfp7NcKYEdvl3vspKjXox6RIG2VtaRe4JFvxG4rqp2Zuw==

ansi-escapes@^4.3.2:
  version "4.3.2"
  resolved "https://registry.yarnpkg.com/ansi-escapes/-/ansi-escapes-4.3.2.tgz#6b2291d1db7d98b6521d5f1efa42d0f3a9feb65e"
  integrity sha512-gKXj5ALrKWQLsYG9jlTRmR/xKluxHV+Z9QEwNIgCfM1/uwPMCuzVVnh5mwTd+OuBZcwSIMbqssNWRm1lE51QaQ==
  dependencies:
    type-fest "^0.21.3"

ansi-regex@^5.0.1:
  version "5.0.1"
  resolved "https://registry.yarnpkg.com/ansi-regex/-/ansi-regex-5.0.1.tgz#082cb2c89c9fe8659a311a53bd6a4dc5301db304"
  integrity sha512-quJQXlTSUGL2LH9SUXo8VwsY4soanhgo6LNSm84E1LBcE8s3O0wpdiRzyR9z/ZZJMlMWv37qOOb9pdJlMUEKFQ==

ansi-styles@^4.0.0:
  version "4.3.0"
  resolved "https://registry.yarnpkg.com/ansi-styles/-/ansi-styles-4.3.0.tgz#edd803628ae71c04c85ae7a0906edad34b648937"
  integrity sha512-zbB9rCJAT1rbjiVDb2hqKFHNYLxgtk8NURxZ3IZwD3F6NtxbXZQCnnSi1Lkx+IDohdPlFp222wVALIheZJQSEg==
  dependencies:
    color-convert "^2.0.1"

asynckit@^0.4.0:
  version "0.4.0"
  resolved "https://registry.yarnpkg.com/asynckit/-/asynckit-0.4.0.tgz#c79ed97f7f34cb8f2ba1bc9790bcc366474b4b79"
  integrity sha512-Oei9OH4tRh0YqU3GxhX79dM/mwVgvbZJaSNaRk+bshkj0S5cfHcgYakreBjrHwatXKbz+IoIdYLxrKim2MjW0Q==

axios@^1.8.2:
  version "1.8.2"
  resolved "https://registry.yarnpkg.com/axios/-/axios-1.8.2.tgz#fabe06e241dfe83071d4edfbcaa7b1c3a40f7979"
  integrity sha512-ls4GYBm5aig9vWx8AWDSGLpnpDQRtWAfrjU+EuytuODrFBkqesN2RkOQCBzrA1RQNHw1SmRMSDDDSwzNAYQ6Rg==
  dependencies:
    follow-redirects "^1.15.6"
    form-data "^4.0.0"
    proxy-from-env "^1.1.0"

bech32@1.1.4:
  version "1.1.4"
  resolved "https://registry.yarnpkg.com/bech32/-/bech32-1.1.4.tgz#e38c9f37bf179b8eb16ae3a772b40c356d4832e9"
  integrity sha512-s0IrSOzLlbvX7yp4WBfPITzpAU8sqQcpsmwXDiKwrG4r491vwCO/XpejasRNl0piBMe/DvP4Tz0mIS/X1DPJBQ==

bn.js@^4.11.9:
  version "4.12.1"
  resolved "https://registry.yarnpkg.com/bn.js/-/bn.js-4.12.1.tgz#215741fe3c9dba2d7e12c001d0cfdbae43975ba7"
  integrity sha512-k8TVBiPkPJT9uHLdOKfFpqcfprwBFOAAXXozRubr7R7PfIuKvQlzcI4M0pALeqXN09vdaMbUdUj+pass+uULAg==

bn.js@^5.2.1:
  version "5.2.1"
  resolved "https://registry.yarnpkg.com/bn.js/-/bn.js-5.2.1.tgz#0bc527a6a0d18d0aa8d5b0538ce4a77dccfa7b70"
  integrity sha512-eXRvHzWyYPBuB4NBy0cmYQjGitUrtqwbvlzP3G6VFnNRbsZQIxQ10PbKKHt8gZ/HW/D/747aDl+QkDqg3KQLMQ==

brorand@^1.1.0:
  version "1.1.0"
  resolved "https://registry.yarnpkg.com/brorand/-/brorand-1.1.0.tgz#12c25efe40a45e3c323eb8675a0a0ce57b22371f"
  integrity sha512-cKV8tMCEpQs4hK/ik71d6LrPOnpkpGBR0wzxqr68g2m/LB2GxVYQroAjMJZRVM1Y4BCjCKc3vAamxSzOY2RP+w==

call-bind-apply-helpers@^1.0.1, call-bind-apply-helpers@^1.0.2:
  version "1.0.2"
  resolved "https://registry.yarnpkg.com/call-bind-apply-helpers/-/call-bind-apply-helpers-1.0.2.tgz#4b5428c222be985d79c3d82657479dbe0b59b2d6"
  integrity sha512-Sp1ablJ0ivDkSzjcaJdxEunN5/XvksFJ2sMBFfq6x0ryhQV/2b/KwFe21cMpmHtPOSij8K99/wSfoEuTObmuMQ==
  dependencies:
    es-errors "^1.3.0"
    function-bind "^1.1.2"

chalk@^5.4.1:
  version "5.4.1"
  resolved "https://registry.yarnpkg.com/chalk/-/chalk-5.4.1.tgz#1b48bf0963ec158dce2aacf69c093ae2dd2092d8"
  integrity sha512-zgVZuo2WcZgfUEmsn6eO3kINexW8RAE4maiQ8QNs8CtpPCSyMiYsULR3HQYkm3w8FIA3SberyMJMSldGsW+U3w==

chardet@^0.7.0:
  version "0.7.0"
  resolved "https://registry.yarnpkg.com/chardet/-/chardet-0.7.0.tgz#90094849f0937f2eedc2425d0d28a9e5f0cbad9e"
  integrity sha512-mT8iDcrh03qDGRRmoA2hmBJnxpllMR+0/0qlzjqZES6NdiWDcZkCNAk4rPFZ9Q85r27unkiNNg8ZOiwZXBHwcA==

cli-width@^4.1.0:
  version "4.1.0"
  resolved "https://registry.yarnpkg.com/cli-width/-/cli-width-4.1.0.tgz#42daac41d3c254ef38ad8ac037672130173691c5"
  integrity sha512-ouuZd4/dm2Sw5Gmqy6bGyNNNe1qt9RpmxveLSO7KcgsTnU7RXfsw+/bukWGo1abgBiMAic068rclZsO4IWmmxQ==

color-convert@^2.0.1:
  version "2.0.1"
  resolved "https://registry.yarnpkg.com/color-convert/-/color-convert-2.0.1.tgz#72d3a68d598c9bdb3af2ad1e84f21d896abd4de3"
  integrity sha512-RRECPsj7iu/xb5oKYcsFHSppFNnsj/52OVTRKb4zP5onXwVF3zVmmToNcOfGC+CRDpfK/U584fMg38ZHCaElKQ==
  dependencies:
    color-name "~1.1.4"

color-name@~1.1.4:
  version "1.1.4"
  resolved "https://registry.yarnpkg.com/color-name/-/color-name-1.1.4.tgz#c2a09a87acbde69543de6f63fa3995c826c536a2"
  integrity sha512-dOy+3AuW3a2wNbZHIuMZpTcgjGuLU/uBL/ubcZF9OXbDo8ff4O8yVp5Bf0efS8uEoYo5q4Fx7dY9OgQGXgAsQA==

combined-stream@^1.0.8:
  version "1.0.8"
  resolved "https://registry.yarnpkg.com/combined-stream/-/combined-stream-1.0.8.tgz#c3d45a8b34fd730631a110a8a2520682b31d5a7f"
  integrity sha512-FQN4MRfuJeHf7cBbBMJFXhKSDq+2kAArBlmRBvcvFE5BB1HZKXtSFASDhdlz9zOYwxh8lDdnvmMOe/+5cdoEdg==
  dependencies:
    delayed-stream "~1.0.0"

delayed-stream@~1.0.0:
  version "1.0.0"
  resolved "https://registry.yarnpkg.com/delayed-stream/-/delayed-stream-1.0.0.tgz#df3ae199acadfb7d440aaae0b29e2272b24ec619"
  integrity sha512-ZySD7Nf91aLB0RxL4KGrKHBXl7Eds1DAmEdcoVawXnLD7SDhpNgtuII2aAkg7a7QS41jxPSZ17p4VdGnMHk3MQ==

dunder-proto@^1.0.1:
  version "1.0.1"
  resolved "https://registry.yarnpkg.com/dunder-proto/-/dunder-proto-1.0.1.tgz#d7ae667e1dc83482f8b70fd0f6eefc50da30f58a"
  integrity sha512-KIN/nDJBQRcXw0MLVhZE9iQHmG68qAVIBg9CqmUYjmQIhgij9U5MFvrqkUL5FbtyyzZuOeOt0zdeRe4UY7ct+A==
  dependencies:
    call-bind-apply-helpers "^1.0.1"
    es-errors "^1.3.0"
    gopd "^1.2.0"

elliptic@6.6.1:
  version "6.6.1"
  resolved "https://registry.yarnpkg.com/elliptic/-/elliptic-6.6.1.tgz#3b8ffb02670bf69e382c7f65bf524c97c5405c06"
  integrity sha512-RaddvvMatK2LJHqFJ+YA4WysVN5Ita9E35botqIYspQ4TkRAlCicdzKOjlyv/1Za5RyTNn7di//eEV0uTAfe3g==
  dependencies:
    bn.js "^4.11.9"
    brorand "^1.1.0"
    hash.js "^1.0.0"
    hmac-drbg "^1.0.1"
    inherits "^2.0.4"
    minimalistic-assert "^1.0.1"
    minimalistic-crypto-utils "^1.0.1"

emoji-regex@^8.0.0:
  version "8.0.0"
  resolved "https://registry.yarnpkg.com/emoji-regex/-/emoji-regex-8.0.0.tgz#e818fd69ce5ccfcb404594f842963bf53164cc37"
  integrity sha512-MSjYzcWNOA0ewAHpz0MxpYFvwg6yjy1NG3xteoqz644VCo/RPgnr1/GGt+ic3iJTzQ8Eu3TdM14SawnVUmGE6A==

es-define-property@^1.0.1:
  version "1.0.1"
  resolved "https://registry.yarnpkg.com/es-define-property/-/es-define-property-1.0.1.tgz#983eb2f9a6724e9303f61addf011c72e09e0b0fa"
  integrity sha512-e3nRfgfUZ4rNGL232gUgX06QNyyez04KdjFrF+LTRoOXmrOgFKDg4BCdsjW8EnT69eqdYGmRpJwiPVYNrCaW3g==

es-errors@^1.3.0:
  version "1.3.0"
  resolved "https://registry.yarnpkg.com/es-errors/-/es-errors-1.3.0.tgz#05f75a25dab98e4fb1dcd5e1472c0546d5057c8f"
  integrity sha512-Zf5H2Kxt2xjTvbJvP2ZWLEICxA6j+hAmMzIlypy4xcBg1vKVnx89Wy0GbS+kf5cwCVFFzdCFh2XSCFNULS6csw==

es-object-atoms@^1.0.0, es-object-atoms@^1.1.1:
  version "1.1.1"
  resolved "https://registry.yarnpkg.com/es-object-atoms/-/es-object-atoms-1.1.1.tgz#1c4f2c4837327597ce69d2ca190a7fdd172338c1"
  integrity sha512-FGgH2h8zKNim9ljj7dankFPcICIK9Cp5bm+c2gQSYePhpaG5+esrLODihIorn+Pe6FGJzWhXQotPv73jTaldXA==
  dependencies:
    es-errors "^1.3.0"

es-set-tostringtag@^2.1.0:
  version "2.1.0"
  resolved "https://registry.yarnpkg.com/es-set-tostringtag/-/es-set-tostringtag-2.1.0.tgz#f31dbbe0c183b00a6d26eb6325c810c0fd18bd4d"
  integrity sha512-j6vWzfrGVfyXxge+O0x5sh6cvxAog0a/4Rdd2K36zCMV5eJ+/+tOAngRO8cODMNWbVRdVlmGZQL2YS3yR8bIUA==
  dependencies:
    es-errors "^1.3.0"
    get-intrinsic "^1.2.6"
    has-tostringtag "^1.0.2"
    hasown "^2.0.2"

ethers@^5.7.2:
  version "5.8.0"
  resolved "https://registry.yarnpkg.com/ethers/-/ethers-5.8.0.tgz#97858dc4d4c74afce83ea7562fe9493cedb4d377"
  integrity sha512-DUq+7fHrCg1aPDFCHx6UIPb3nmt2XMpM7Y/g2gLhsl3lIBqeAfOJIl1qEvRf2uq3BiKxmh6Fh5pfp2ieyek7Kg==
  dependencies:
    "@ethersproject/abi" "5.8.0"
    "@ethersproject/abstract-provider" "5.8.0"
    "@ethersproject/abstract-signer" "5.8.0"
    "@ethersproject/address" "5.8.0"
    "@ethersproject/base64" "5.8.0"
    "@ethersproject/basex" "5.8.0"
    "@ethersproject/bignumber" "5.8.0"
    "@ethersproject/bytes" "5.8.0"
    "@ethersproject/constants" "5.8.0"
    "@ethersproject/contracts" "5.8.0"
    "@ethersproject/hash" "5.8.0"
    "@ethersproject/hdnode" "5.8.0"
    "@ethersproject/json-wallets" "5.8.0"
    "@ethersproject/keccak256" "5.8.0"
    "@ethersproject/logger" "5.8.0"
    "@ethersproject/networks" "5.8.0"
    "@ethersproject/pbkdf2" "5.8.0"
    "@ethersproject/properties" "5.8.0"
    "@ethersproject/providers" "5.8.0"
    "@ethersproject/random" "5.8.0"
    "@ethersproject/rlp" "5.8.0"
    "@ethersproject/sha2" "5.8.0"
    "@ethersproject/signing-key" "5.8.0"
    "@ethersproject/solidity" "5.8.0"
    "@ethersproject/strings" "5.8.0"
    "@ethersproject/transactions" "5.8.0"
    "@ethersproject/units" "5.8.0"
    "@ethersproject/wallet" "5.8.0"
    "@ethersproject/web" "5.8.0"
    "@ethersproject/wordlists" "5.8.0"

external-editor@^3.1.0:
  version "3.1.0"
  resolved "https://registry.yarnpkg.com/external-editor/-/external-editor-3.1.0.tgz#cb03f740befae03ea4d283caed2741a83f335495"
  integrity sha512-hMQ4CX1p1izmuLYyZqLMO/qGNw10wSv9QDCPfzXfyFrOaCSSoRfqE1Kf1s5an66J5JZC62NewG+mK49jOCtQew==
  dependencies:
    chardet "^0.7.0"
    iconv-lite "^0.4.24"
    tmp "^0.0.33"

follow-redirects@^1.15.6:
  version "1.15.9"
  resolved "https://registry.yarnpkg.com/follow-redirects/-/follow-redirects-1.15.9.tgz#a604fa10e443bf98ca94228d9eebcc2e8a2c8ee1"
  integrity sha512-gew4GsXizNgdoRyqmyfMHyAmXsZDk6mHkSxZFCzW9gwlbtOW44CDtYavM+y+72qD/Vq2l550kMF52DT8fOLJqQ==

form-data@^4.0.0:
  version "4.0.2"
  resolved "https://registry.yarnpkg.com/form-data/-/form-data-4.0.2.tgz#35cabbdd30c3ce73deb2c42d3c8d3ed9ca51794c"
  integrity sha512-hGfm/slu0ZabnNt4oaRZ6uREyfCj6P4fT/n6A1rGV+Z0VdGXjfOhVUpkn6qVQONHGIFwmveGXyDs75+nr6FM8w==
  dependencies:
    asynckit "^0.4.0"
    combined-stream "^1.0.8"
    es-set-tostringtag "^2.1.0"
    mime-types "^2.1.12"

function-bind@^1.1.2:
  version "1.1.2"
  resolved "https://registry.yarnpkg.com/function-bind/-/function-bind-1.1.2.tgz#2c02d864d97f3ea6c8830c464cbd11ab6eab7a1c"
  integrity sha512-7XHNxH7qX9xG5mIwxkhumTox/MIRNcOgDrxWsMt2pAr23WHp6MrRlN7FBSFpCpr+oVO0F744iUgR82nJMfG2SA==

get-intrinsic@^1.2.6:
  version "1.3.0"
  resolved "https://registry.yarnpkg.com/get-intrinsic/-/get-intrinsic-1.3.0.tgz#743f0e3b6964a93a5491ed1bffaae054d7f98d01"
  integrity sha512-9fSjSaos/fRIVIp+xSJlE6lfwhES7LNtKaCBIamHsjr2na1BiABJPo0mOjjz8GJDURarmCPGqaiVg5mfjb98CQ==
  dependencies:
    call-bind-apply-helpers "^1.0.2"
    es-define-property "^1.0.1"
    es-errors "^1.3.0"
    es-object-atoms "^1.1.1"
    function-bind "^1.1.2"
    get-proto "^1.0.1"
    gopd "^1.2.0"
    has-symbols "^1.1.0"
    hasown "^2.0.2"
    math-intrinsics "^1.1.0"

get-proto@^1.0.1:
  version "1.0.1"
  resolved "https://registry.yarnpkg.com/get-proto/-/get-proto-1.0.1.tgz#150b3f2743869ef3e851ec0c49d15b1d14d00ee1"
  integrity sha512-sTSfBjoXBp89JvIKIefqw7U2CCebsc74kiY6awiGogKtoSGbgjYE/G/+l9sF3MWFPNc9IcoOC4ODfKHfxFmp0g==
  dependencies:
    dunder-proto "^1.0.1"
    es-object-atoms "^1.0.0"

gopd@^1.2.0:
  version "1.2.0"
  resolved "https://registry.yarnpkg.com/gopd/-/gopd-1.2.0.tgz#89f56b8217bdbc8802bd299df6d7f1081d7e51a1"
  integrity sha512-ZUKRh6/kUFoAiTAtTYPZJ3hw9wNxx+BIBOijnlG9PnrJsCcSjs1wyyD6vJpaYtgnzDrKYRSqf3OO6Rfa93xsRg==

has-symbols@^1.0.3, has-symbols@^1.1.0:
  version "1.1.0"
  resolved "https://registry.yarnpkg.com/has-symbols/-/has-symbols-1.1.0.tgz#fc9c6a783a084951d0b971fe1018de813707a338"
  integrity sha512-1cDNdwJ2Jaohmb3sg4OmKaMBwuC48sYni5HUw2DvsC8LjGTLK9h+eb1X6RyuOHe4hT0ULCW68iomhjUoKUqlPQ==

has-tostringtag@^1.0.2:
  version "1.0.2"
  resolved "https://registry.yarnpkg.com/has-tostringtag/-/has-tostringtag-1.0.2.tgz#2cdc42d40bef2e5b4eeab7c01a73c54ce7ab5abc"
  integrity sha512-NqADB8VjPFLM2V0VvHUewwwsw0ZWBaIdgo+ieHtK3hasLz4qeCRjYcqfB6AQrBggRKppKF8L52/VqdVsO47Dlw==
  dependencies:
    has-symbols "^1.0.3"

hash.js@1.1.7, hash.js@^1.0.0, hash.js@^1.0.3:
  version "1.1.7"
  resolved "https://registry.yarnpkg.com/hash.js/-/hash.js-1.1.7.tgz#0babca538e8d4ee4a0f8988d68866537a003cf42"
  integrity sha512-taOaskGt4z4SOANNseOviYDvjEJinIkRgmp7LbKP2YTTmVxWBl87s/uzK9r+44BclBSp2X7K1hqeNfz9JbBeXA==
  dependencies:
    inherits "^2.0.3"
    minimalistic-assert "^1.0.1"

hasown@^2.0.2:
  version "2.0.2"
  resolved "https://registry.yarnpkg.com/hasown/-/hasown-2.0.2.tgz#003eaf91be7adc372e84ec59dc37252cedb80003"
  integrity sha512-0hJU9SCPvmMzIBdZFqNPXWa6dqh7WdH0cII9y+CyS8rG3nL48Bclra9HmKhVVUHyPWNH5Y7xDwAB7bfgSjkUMQ==
  dependencies:
    function-bind "^1.1.2"

hmac-drbg@^1.0.1:
  version "1.0.1"
  resolved "https://registry.yarnpkg.com/hmac-drbg/-/hmac-drbg-1.0.1.tgz#d2745701025a6c775a6c545793ed502fc0c649a1"
  integrity sha512-Tti3gMqLdZfhOQY1Mzf/AanLiqh1WTiJgEj26ZuYQ9fbkLomzGchCws4FyrSd4VkpBfiNhaE1On+lOz894jvXg==
  dependencies:
    hash.js "^1.0.3"
    minimalistic-assert "^1.0.0"
    minimalistic-crypto-utils "^1.0.1"

iconv-lite@^0.4.24:
  version "0.4.24"
  resolved "https://registry.yarnpkg.com/iconv-lite/-/iconv-lite-0.4.24.tgz#2022b4b25fbddc21d2f524974a474aafe733908b"
  integrity sha512-v3MXnZAcvnywkTUEZomIActle7RXXeedOR31wwl7VlyoXO4Qi9arvSenNQWne1TcRwhCL1HwLI21bEqdpj8/rA==
  dependencies:
    safer-buffer ">= 2.1.2 < 3"

inherits@^2.0.3, inherits@^2.0.4:
  version "2.0.4"
  resolved "https://registry.yarnpkg.com/inherits/-/inherits-2.0.4.tgz#0fa2c64f932917c3433a0ded55363aae37416b7c"
  integrity sha512-k/vGaX4/Yla3WzyMCvTQOXYeIHvqOKtnqBduzTHpzpQZzAskKMhZ2K+EnBiSM9zGSoIFeMpXKxa4dYeZIQqewQ==

inquirer@^12.4.3:
  version "12.4.3"
  resolved "https://registry.yarnpkg.com/inquirer/-/inquirer-12.4.3.tgz#db4b93fbc3c88e44e70fea2592f0272490cc79c9"
  integrity sha512-p9+jcDKhFHKTunvpffCk7I9eKt8+NPNWO8hMSSoLPv5vahP5Vhr78qWzDtA+6FBWQtFTuLFUWmxTyhC6G2Xz/Q==
  dependencies:
    "@inquirer/core" "^10.1.8"
    "@inquirer/prompts" "^7.3.3"
    "@inquirer/type" "^3.0.5"
    ansi-escapes "^4.3.2"
    mute-stream "^2.0.0"
    run-async "^3.0.0"
    rxjs "^7.8.2"

is-fullwidth-code-point@^3.0.0:
  version "3.0.0"
  resolved "https://registry.yarnpkg.com/is-fullwidth-code-point/-/is-fullwidth-code-point-3.0.0.tgz#f116f8064fe90b3f7844a38997c0b75051269f1d"
  integrity sha512-zymm5+u+sCsSWyD9qNaejV3DFvhCKclKdizYaJUuHA83RLjb7nSuGnddCHGv0hk+KY7BMAlsWeK4Ueg6EV6XQg==

js-sha3@0.8.0:
  version "0.8.0"
  resolved "https://registry.yarnpkg.com/js-sha3/-/js-sha3-0.8.0.tgz#b9b7a5da73afad7dedd0f8c463954cbde6818840"
  integrity sha512-gF1cRrHhIzNfToc802P800N8PpXS+evLLXfsVpowqmAFR9uwbi89WvXg2QspOmXL8QL86J4T1EpFu+yUkwJY3Q==

math-intrinsics@^1.1.0:
  version "1.1.0"
  resolved "https://registry.yarnpkg.com/math-intrinsics/-/math-intrinsics-1.1.0.tgz#a0dd74be81e2aa5c2f27e65ce283605ee4e2b7f9"
  integrity sha512-/IXtbwEk5HTPyEwyKX6hGkYXxM9nbj64B+ilVJnC/R6B0pH5G4V3b0pVbL7DBj4tkhBAppbQUlf6F6Xl9LHu1g==

mime-db@1.52.0:
  version "1.52.0"
  resolved "https://registry.yarnpkg.com/mime-db/-/mime-db-1.52.0.tgz#bbabcdc02859f4987301c856e3387ce5ec43bf70"
  integrity sha512-sPU4uV7dYlvtWJxwwxHD0PuihVNiE7TyAbQ5SWxDCB9mUYvOgroQOwYQQOKPJ8CIbE+1ETVlOoK1UC2nU3gYvg==

mime-types@^2.1.12:
  version "2.1.35"
  resolved "https://registry.yarnpkg.com/mime-types/-/mime-types-2.1.35.tgz#381a871b62a734450660ae3deee44813f70d959a"
  integrity sha512-ZDY+bPm5zTTF+YpCrAU9nK0UgICYPT0QtT1NZWFv4s++TNkcgVaT0g6+4R2uI4MjQjzysHB1zxuWL50hzaeXiw==
  dependencies:
    mime-db "1.52.0"

minimalistic-assert@^1.0.0, minimalistic-assert@^1.0.1:
  version "1.0.1"
  resolved "https://registry.yarnpkg.com/minimalistic-assert/-/minimalistic-assert-1.0.1.tgz#2e194de044626d4a10e7f7fbc00ce73e83e4d5c7"
  integrity sha512-UtJcAD4yEaGtjPezWuO9wC4nwUnVH/8/Im3yEHQP4b67cXlD/Qr9hdITCU1xDbSEXg2XKNaP8jsReV7vQd00/A==

minimalistic-crypto-utils@^1.0.1:
  version "1.0.1"
  resolved "https://registry.yarnpkg.com/minimalistic-crypto-utils/-/minimalistic-crypto-utils-1.0.1.tgz#f6c00c1c0b082246e5c4d99dfb8c7c083b2b582a"
  integrity sha512-JIYlbt6g8i5jKfJ3xz7rF0LXmv2TkDxBLUkiBeZ7bAx4GnnNMr8xFpGnOxn6GhTEHx3SjRrZEoU+j04prX1ktg==

mute-stream@^2.0.0:
  version "2.0.0"
  resolved "https://registry.yarnpkg.com/mute-stream/-/mute-stream-2.0.0.tgz#a5446fc0c512b71c83c44d908d5c7b7b4c493b2b"
  integrity sha512-WWdIxpyjEn+FhQJQQv9aQAYlHoNVdzIzUySNV1gHUPDSdZJ3yZn7pAAbQcV7B56Mvu881q9FZV+0Vx2xC44VWA==

os-tmpdir@~1.0.2:
  version "1.0.2"
  resolved "https://registry.yarnpkg.com/os-tmpdir/-/os-tmpdir-1.0.2.tgz#bbe67406c79aa85c5cfec766fe5734555dfa1274"
  integrity sha512-D2FR03Vir7FIu45XBY20mTb+/ZSWB00sjU9jdQXt83gDrI4Ztz5Fs7/yy74g2N5SVQY4xY1qDr4rNddwYRVX0g==

proxy-from-env@^1.1.0:
  version "1.1.0"
  resolved "https://registry.yarnpkg.com/proxy-from-env/-/proxy-from-env-1.1.0.tgz#e102f16ca355424865755d2c9e8ea4f24d58c3e2"
  integrity sha512-D+zkORCbA9f1tdWRK0RaCR3GPv50cMxcrz4X8k5LTSUD1Dkw47mKJEZQNunItRTkWwgtaUSo1RVFRIG9ZXiFYg==

run-async@^3.0.0:
  version "3.0.0"
  resolved "https://registry.yarnpkg.com/run-async/-/run-async-3.0.0.tgz#42a432f6d76c689522058984384df28be379daad"
  integrity sha512-540WwVDOMxA6dN6We19EcT9sc3hkXPw5mzRNGM3FkdN/vtE9NFvj5lFAPNwUDmJjXidm3v7TC1cTE7t17Ulm1Q==

rxjs@^7.8.2:
  version "7.8.2"
  resolved "https://registry.yarnpkg.com/rxjs/-/rxjs-7.8.2.tgz#955bc473ed8af11a002a2be52071bf475638607b"
  integrity sha512-dhKf903U/PQZY6boNNtAGdWbG85WAbjT/1xYoZIC7FAY0yWapOBQVsVrDl58W86//e1VpMNBtRV4MaXfdMySFA==
  dependencies:
    tslib "^2.1.0"

"safer-buffer@>= 2.1.2 < 3":
  version "2.1.2"
  resolved "https://registry.yarnpkg.com/safer-buffer/-/safer-buffer-2.1.2.tgz#44fa161b0187b9549dd84bb91802f9bd8385cd6a"
  integrity sha512-YZo3K82SD7Riyi0E1EQPojLz7kpepnSQI9IyPbHHg1XXXevb5dJI7tpyN2ADxGcQbHG7vcyRHk0cbwqcQriUtg==

scrypt-js@3.0.1:
  version "3.0.1"
  resolved "https://registry.yarnpkg.com/scrypt-js/-/scrypt-js-3.0.1.tgz#d314a57c2aef69d1ad98a138a21fe9eafa9ee312"
  integrity sha512-cdwTTnqPu0Hyvf5in5asVdZocVDTNRmR7XEcJuIzMjJeSHybHl7vpB66AzwTaIg6CLSbtjcxc8fqcySfnTkccA==

signal-exit@^4.1.0:
  version "4.1.0"
  resolved "https://registry.yarnpkg.com/signal-exit/-/signal-exit-4.1.0.tgz#952188c1cbd546070e2dd20d0f41c0ae0530cb04"
  integrity sha512-bzyZ1e88w9O1iNJbKnOlvYTrWPDl46O1bG0D3XInv+9tkPrxrN8jUUTiFlDkkmKWgn1M6CfIA13SuGqOa9Korw==

string-width@^4.1.0:
  version "4.2.3"
  resolved "https://registry.yarnpkg.com/string-width/-/string-width-4.2.3.tgz#269c7117d27b05ad2e536830a8ec895ef9c6d010"
  integrity sha512-wKyQRQpjJ0sIp62ErSZdGsjMJWsap5oRNihHhu6G7JVO/9jIB6UyevL+tXuOqrng8j/cxKTWyWUwvSTriiZz/g==
  dependencies:
    emoji-regex "^8.0.0"
    is-fullwidth-code-point "^3.0.0"
    strip-ansi "^6.0.1"

strip-ansi@^6.0.0, strip-ansi@^6.0.1:
  version "6.0.1"
  resolved "https://registry.yarnpkg.com/strip-ansi/-/strip-ansi-6.0.1.tgz#9e26c63d30f53443e9489495b2105d37b67a85d9"
  integrity sha512-Y38VPSHcqkFrCpFnQ9vuSXmquuv5oXOKpGeT6aGrr3o3Gc9AlVa6JBfUSOCnbxGGZF+/0ooI7KrPuUSztUdU5A==
  dependencies:
    ansi-regex "^5.0.1"

tmp@^0.0.33:
  version "0.0.33"
  resolved "https://registry.yarnpkg.com/tmp/-/tmp-0.0.33.tgz#6d34335889768d21b2bcda0aa277ced3b1bfadf9"
  integrity sha512-jRCJlojKnZ3addtTOjdIqoRuPEKBvNXcGYqzO6zWZX8KfKEpnGY5jfggJQ3EjKuu8D4bJRr0y+cYJFmYbImXGw==
  dependencies:
    os-tmpdir "~1.0.2"

tslib@^2.1.0:
  version "2.8.1"
  resolved "https://registry.yarnpkg.com/tslib/-/tslib-2.8.1.tgz#612efe4ed235d567e8aba5f2a5fab70280ade83f"
  integrity sha512-oJFu94HQb+KVduSUQL7wnpmqnfmLsOA/nAh6b6EH0wCEoK0/mPeXU6c3wKDV83MkOuHPRHtSXKKU99IBazS/2w==

type-fest@^0.21.3:
  version "0.21.3"
  resolved "https://registry.yarnpkg.com/type-fest/-/type-fest-0.21.3.tgz#d260a24b0198436e133fa26a524a6d65fa3b2e37"
  integrity sha512-t0rzBq87m3fVcduHDUFhKmyyX+9eo6WQjZvf51Ea/M0Q7+T374Jp1aUiyUl0GKxp8M/OETVHSDvmkyPgvX+X2w==

wrap-ansi@^6.2.0:
  version "6.2.0"
  resolved "https://registry.yarnpkg.com/wrap-ansi/-/wrap-ansi-6.2.0.tgz#e9393ba07102e6c91a3b221478f0257cd2856e53"
  integrity sha512-r6lPcBGxZXlIcymEu7InxDMhdW0KDxpLgoFLcguasxCaJ/SOIZwINatK9KY/tf+ZrlywOKU0UDj3ATXUBfxJXA==
  dependencies:
    ansi-styles "^4.0.0"
    string-width "^4.1.0"
    strip-ansi "^6.0.0"

ws@8.18.0:
  version "8.18.0"
  resolved "https://registry.yarnpkg.com/ws/-/ws-8.18.0.tgz#0d7505a6eafe2b0e712d232b42279f53bc289bbc"
  integrity sha512-8VbfWfHLbbwu3+N6OKsOMpBdT4kXPDDB9cJk2bJ6mh9ucxdlnNvH1e+roYkKmN9Nxw2yjz7VzeO9oOz2zJ04Pw==

yoctocolors-cjs@^2.1.2:
  version "2.1.2"
  resolved "https://registry.yarnpkg.com/yoctocolors-cjs/-/yoctocolors-cjs-2.1.2.tgz#f4b905a840a37506813a7acaa28febe97767a242"
  integrity sha512-cYVsTjKl8b+FrnidjibDWskAv7UKOfcwaVZdp/it9n1s9fU3IkgDbhdIRKCW4JDsAlECJY0ytoVPT3sK6kideA==
